
Microsoft Visual Studio Solution File, Format Version 12.00
# Visual Studio 15
VisualStudioVersion = 15.0.27130.2020
MinimumVisualStudioVersion = 10.0.40219.1
Project("{8BC9CEB8-8B4A-11D0-8D11-00A0C91BC942}") = "MIPS", "MIPS\MIPS.vcxproj", "{3240F6D8-EE36-48D6-A504-7CA9B7FE9DB8}"
EndProject
Project("{8BC9CEB8-8B4A-11D0-8D11-00A0C91BC942}") = "MIPS_Pipeline", "MIPS_Pipeline\MIPS_Pipeline.vcxproj", "{B2F8C256-2851-4871-88DB-CEF0190A593A}"
EndProject
Global
	GlobalSection(SolutionConfigurationPlatforms) = preSolution
		Debug|x64 = Debug|x64
		Debug|x86 = Debug|x86
		Release|x64 = Release|x64
		Release|x86 = Release|x86
	EndGlobalSection
	GlobalSection(ProjectConfigurationPlatforms) = postSolution
		{3240F6D8-EE36-48D6-A504-7CA9B7FE9DB8}.Debug|x64.ActiveCfg = Debug|x64
		{3240F6D8-EE36-48D6-A504-7CA9B7FE9DB8}.Debug|x64.Build.0 = Debug|x64
		{3240F6D8-EE36-48D6-A504-7CA9B7FE9DB8}.Debug|x86.ActiveCfg = Debug|Win32
		{3240F6D8-EE36-48D6-A504-7CA9B7FE9DB8}.Debug|x86.Build.0 = Debug|Win32
		{3240F6D8-EE36-48D6-A504-7CA9B7FE9DB8}.Release|x64.ActiveCfg = Release|x64
		{3240F6D8-EE36-48D6-A504-7CA9B7FE9DB8}.Release|x64.Build.0 = Release|x64
		{3240F6D8-EE36-48D6-A504-7CA9B7FE9DB8}.Release|x86.ActiveCfg = Release|Win32
		{3240F6D8-EE36-48D6-A504-7CA9B7FE9DB8}.Release|x86.Build.0 = Release|Win32
		{B2F8C256-2851-4871-88DB-CEF0190A593A}.Debug|x64.ActiveCfg = Debug|x64
		{B2F8C256-2851-4871-88DB-CEF0190A593A}.Debug|x64.Build.0 = Debug|x64
		{B2F8C256-2851-4871-88DB-CEF0190A593A}.Debug|x86.ActiveCfg = Debug|Win32
		{B2F8C256-2851-4871-88DB-CEF0190A593A}.Debug|x86.Build.0 = Debug|Win32
		{B2F8C256-2851-4871-88DB-CEF0190A593A}.Release|x64.ActiveCfg = Release|x64
		{B2F8C256-2851-4871-88DB-CEF0190A593A}.Release|x64.Build.0 = Release|x64
		{B2F8C256-2851-4871-88DB-CEF0190A593A}.Release|x86.ActiveCfg = Release|Win32
		{B2F8C256-2851-4871-88DB-CEF0190A593A}.Release|x86.Build.0 = Release|Win32
	EndGlobalSection
	GlobalSection(SolutionProperties) = preSolution
		HideSolutionNode = FALSE
	EndGlobalSection
	GlobalSection(ExtensibilityGlobals) = postSolution
		SolutionGuid = {CEA9C82A-EA49-4F0D-9FA9-FDA45FD9C2AF}
	EndGlobalSection
EndGlobal
